
Microsoft Visual Studio Solution File, Format Version 12.00
# Visual Studio 15
VisualStudioVersion = 15.0.28010.2050
MinimumVisualStudioVersion = 10.0.40219.1
Project("{FAE04EC0-301F-11D3-BF4B-00C04F79EFBC}") = "MyScriptureJournal", "MyScriptureJournal\MyScriptureJournal.csproj", "{76E37CA0-5B96-4031-B10A-7267A7221A71}"
EndProject
Global
	GlobalSection(SolutionConfigurationPlatforms) = preSolution
		Debug|Any CPU = Debug|Any CPU
		Release|Any CPU = Release|Any CPU
	EndGlobalSection
	GlobalSection(ProjectConfigurationPlatforms) = postSolution
		{76E37CA0-5B96-4031-B10A-7267A7221A71}.Debug|Any CPU.ActiveCfg = Debug|Any CPU
		{76E37CA0-5B96-4031-B10A-7267A7221A71}.Debug|Any CPU.Build.0 = Debug|Any CPU
		{76E37CA0-5B96-4031-B10A-7267A7221A71}.Release|Any CPU.ActiveCfg = Release|Any CPU
		{76E37CA0-5B96-4031-B10A-7267A7221A71}.Release|Any CPU.Build.0 = Release|Any CPU
	EndGlobalSection
	GlobalSection(SolutionProperties) = preSolution
		HideSolutionNode = FALSE
	EndGlobalSection
	GlobalSection(ExtensibilityGlobals) = postSolution
		SolutionGuid = {FCA19391-F332-4ED7-B2EC-9FDBC20AA1C7}
	EndGlobalSection
EndGlobal
